
Microsoft Visual Studio Solution File, Format Version 12.00
# Visual Studio Version 17
VisualStudioVersion = 17.6.33815.320
MinimumVisualStudioVersion = 10.0.40219.1
Project("{2150E333-8FDC-42A3-9474-1A3956D46DE8}") = "Classes", "Classes", "{0BE8421E-4FB8-4BE7-8F55-835D758DF3E3}"
EndProject
Project("{FAE04EC0-301F-11D3-BF4B-00C04F79EFBC}") = "Slassascas", "Slassascas\Slassascas.csproj", "{681C3A8E-3E09-40E0-BD9B-D0C2CB923AAE}"
EndProject
Global
	GlobalSection(SolutionConfigurationPlatforms) = preSolution
		Debug|Any CPU = Debug|Any CPU
		Release|Any CPU = Release|Any CPU
	EndGlobalSection
	GlobalSection(ProjectConfigurationPlatforms) = postSolution
		{681C3A8E-3E09-40E0-BD9B-D0C2CB923AAE}.Debug|Any CPU.ActiveCfg = Debug|Any CPU
		{681C3A8E-3E09-40E0-BD9B-D0C2CB923AAE}.Debug|Any CPU.Build.0 = Debug|Any CPU
		{681C3A8E-3E09-40E0-BD9B-D0C2CB923AAE}.Release|Any CPU.ActiveCfg = Release|Any CPU
		{681C3A8E-3E09-40E0-BD9B-D0C2CB923AAE}.Release|Any CPU.Build.0 = Release|Any CPU
	EndGlobalSection
	GlobalSection(SolutionProperties) = preSolution
		HideSolutionNode = FALSE
	EndGlobalSection
	GlobalSection(NestedProjects) = preSolution
		{681C3A8E-3E09-40E0-BD9B-D0C2CB923AAE} = {0BE8421E-4FB8-4BE7-8F55-835D758DF3E3}
	EndGlobalSection
	GlobalSection(ExtensibilityGlobals) = postSolution
		SolutionGuid = {FA010F27-7C39-416D-A19F-C726526A35F6}
	EndGlobalSection
EndGlobal
